
Microsoft Visual Studio Solution File, Format Version 12.00
# Visual Studio 15
VisualStudioVersion = 15.0.28307.329
MinimumVisualStudioVersion = 10.0.40219.1
Project("{FAE04EC0-301F-11D3-BF4B-00C04F79EFBC}") = "ChangeCalculatorApp", "ChangeCalculatorApp\ChangeCalculatorApp.csproj", "{30394899-07FE-4F6B-9FE0-C7843202DEAA}"
EndProject
Global
	GlobalSection(SolutionConfigurationPlatforms) = preSolution
		Debug|Any CPU = Debug|Any CPU
		Release|Any CPU = Release|Any CPU
	EndGlobalSection
	GlobalSection(ProjectConfigurationPlatforms) = postSolution
		{30394899-07FE-4F6B-9FE0-C7843202DEAA}.Debug|Any CPU.ActiveCfg = Debug|Any CPU
		{30394899-07FE-4F6B-9FE0-C7843202DEAA}.Debug|Any CPU.Build.0 = Debug|Any CPU
		{30394899-07FE-4F6B-9FE0-C7843202DEAA}.Release|Any CPU.ActiveCfg = Release|Any CPU
		{30394899-07FE-4F6B-9FE0-C7843202DEAA}.Release|Any CPU.Build.0 = Release|Any CPU
	EndGlobalSection
	GlobalSection(SolutionProperties) = preSolution
		HideSolutionNode = FALSE
	EndGlobalSection
	GlobalSection(ExtensibilityGlobals) = postSolution
		SolutionGuid = {FB16C100-71FB-4417-B917-916FA0E82934}
	EndGlobalSection
EndGlobal
